{
    "_meta": {
        "hash": {
            "sha256": "0f732b0284a618fc150991c2bb12ad8ec57eec112feb59a9b4330953aaea1876"
        },
        "pipfile-spec": 6,
        "requires": {
            "python_version": "3.8"
        },
        "sources": [
            {
                "name": "pypi",
                "url": "https://pypi.org/simple",
                "verify_ssl": true
            }
        ]
    },
    "default": {
        "asgiref": {
            "hashes": [
                "sha256:92906c611ce6c967347bbfea733f13d6313901d54dcca88195eaeb52b2a8e8ee",
                "sha256:d1216dfbdfb63826470995d31caed36225dcaf34f182e0fa257a4dd9e86f1b78"
            ],
            "version": "==3.3.4"
        },
        "beautifulsoup4": {
            "hashes": [
                "sha256:4c98143716ef1cb40bf7f39a8e3eec8f8b009509e74904ba3a7b315431577e35",
                "sha256:84729e322ad1d5b4d25f805bfa05b902dd96450f43842c4e99067d5e1369eb25",
                "sha256:fff47e031e34ec82bf17e00da8f592fe7de69aeea38be00523c04623c04fb666"
            ],
            "version": "==4.9.3"
        },
        "cycler": {
            "hashes": [
                "sha256:1d8a5ae1ff6c5cf9b93e8811e581232ad8920aeec647c37316ceac982b08cb2d",
                "sha256:cd7b2d1018258d7247a71425e9f26463dfb444d411c39569972f4ce586b0c9d8"
            ],
            "version": "==0.10.0"
        },
        "django": {
            "hashes": [
                "sha256:13ac78dbfd189532cad8f383a27e58e18b3d33f80009ceb476d7fcbfc5dcebd8",
                "sha256:7e0a1393d18c16b503663752a8b6790880c5084412618990ce8a81cc908b4962"
            ],
            "index": "pypi",
            "version": "==3.2.3"
        },
        "django-livereload-server": {
            "hashes": [
                "sha256:6c8da1cb356d9a7fd044d0a50342574aad168522d5d8d25bbdc4ddd9fd196eab"
            ],
            "index": "pypi",
            "version": "==0.3.2"
        },
        "django-pgconnection": {
            "hashes": [
                "sha256:a503b527a2e03270868ae48a53ec452d5da9a233cd7aaa8e8cef0f2d20adb4bf",
                "sha256:c7c46cd8d22d5dfe6a904fab6cb003471905d308bc79a54960a13cfbd3ca60db"
            ],
            "version": "==1.0.1"
        },
        "django-pgtrigger": {
            "hashes": [
                "sha256:4ab1fafaa6cc196153edd8c14af7f408cb504d15d885281f46482c3e5031a10a",
                "sha256:cf2f55e955161c69b9be5657796a751085a71250200e3d21db938f76cc2da057"
            ],
            "index": "pypi",
            "version": "==2.3.0"
        },
        "django-widget-tweaks": {
            "hashes": [
                "sha256:9f91ca4217199b7671971d3c1f323a2bec71a0c27dec6260b3c006fa541bc489",
                "sha256:f80bff4a8a59b278bb277a405a76a8b9a884e4bae7a6c70e78a39c626cd1c836"
            ],
            "index": "pypi",
            "version": "==1.4.8"
        },
        "kiwisolver": {
            "hashes": [
                "sha256:0cd53f403202159b44528498de18f9285b04482bab2a6fc3f5dd8dbb9352e30d",
                "sha256:1e1bc12fb773a7b2ffdeb8380609f4f8064777877b2225dec3da711b421fda31",
                "sha256:225e2e18f271e0ed8157d7f4518ffbf99b9450fca398d561eb5c4a87d0986dd9",
                "sha256:232c9e11fd7ac3a470d65cd67e4359eee155ec57e822e5220322d7b2ac84fbf0",
                "sha256:31dfd2ac56edc0ff9ac295193eeaea1c0c923c0355bf948fbd99ed6018010b72",
                "sha256:33449715e0101e4d34f64990352bce4095c8bf13bed1b390773fc0a7295967b3",
                "sha256:401a2e9afa8588589775fe34fc22d918ae839aaaf0c0e96441c0fdbce6d8ebe6",
                "sha256:44a62e24d9b01ba94ae7a4a6c3fb215dc4af1dde817e7498d901e229aaf50e4e",
                "sha256:50af681a36b2a1dee1d3c169ade9fdc59207d3c31e522519181e12f1b3ba7000",
                "sha256:563c649cfdef27d081c84e72a03b48ea9408c16657500c312575ae9d9f7bc1c3",
                "sha256:5989db3b3b34b76c09253deeaf7fbc2707616f130e166996606c284395da3f18",
                "sha256:5a7a7dbff17e66fac9142ae2ecafb719393aaee6a3768c9de2fd425c63b53e21",
                "sha256:5c3e6455341008a054cccee8c5d24481bcfe1acdbc9add30aa95798e95c65621",
                "sha256:5f6ccd3dd0b9739edcf407514016108e2280769c73a85b9e59aa390046dbf08b",
                "sha256:72c99e39d005b793fb7d3d4e660aed6b6281b502e8c1eaf8ee8346023c8e03bc",
                "sha256:78751b33595f7f9511952e7e60ce858c6d64db2e062afb325985ddbd34b5c131",
                "sha256:834ee27348c4aefc20b479335fd422a2c69db55f7d9ab61721ac8cd83eb78882",
                "sha256:8be8d84b7d4f2ba4ffff3665bcd0211318aa632395a1a41553250484a871d454",
                "sha256:950a199911a8d94683a6b10321f9345d5a3a8433ec58b217ace979e18f16e248",
                "sha256:a357fd4f15ee49b4a98b44ec23a34a95f1e00292a139d6015c11f55774ef10de",
                "sha256:a53d27d0c2a0ebd07e395e56a1fbdf75ffedc4a05943daf472af163413ce9598",
                "sha256:acef3d59d47dd85ecf909c359d0fd2c81ed33bdff70216d3956b463e12c38a54",
                "sha256:b38694dcdac990a743aa654037ff1188c7a9801ac3ccc548d3341014bc5ca278",
                "sha256:b9edd0110a77fc321ab090aaa1cfcaba1d8499850a12848b81be2222eab648f6",
                "sha256:c08e95114951dc2090c4a630c2385bef681cacf12636fb0241accdc6b303fd81",
                "sha256:c5518d51a0735b1e6cee1fdce66359f8d2b59c3ca85dc2b0813a8aa86818a030",
                "sha256:c8fd0f1ae9d92b42854b2979024d7597685ce4ada367172ed7c09edf2cef9cb8",
                "sha256:ca3820eb7f7faf7f0aa88de0e54681bddcb46e485beb844fcecbcd1c8bd01689",
                "sha256:cf8b574c7b9aa060c62116d4181f3a1a4e821b2ec5cbfe3775809474113748d4",
                "sha256:d3155d828dec1d43283bd24d3d3e0d9c7c350cdfcc0bd06c0ad1209c1bbc36d0",
                "sha256:f8d6f8db88049a699817fd9178782867bf22283e3813064302ac59f61d95be05",
                "sha256:fd34fbbfbc40628200730bc1febe30631347103fc8d3d4fa012c21ab9c11eca9"
            ],
            "version": "==1.3.1"
        },
        "matplotlib": {
            "hashes": [
                "sha256:0bea5ec5c28d49020e5d7923c2725b837e60bc8be99d3164af410eb4b4c827da",
                "sha256:1c1779f7ab7d8bdb7d4c605e6ffaa0614b3e80f1e3c8ccf7b9269a22dbc5986b",
                "sha256:21b31057bbc5e75b08e70a43cefc4c0b2c2f1b1a850f4a0f7af044eb4163086c",
                "sha256:32fa638cc10886885d1ca3d409d4473d6a22f7ceecd11322150961a70fab66dd",
                "sha256:3a5c18dbd2c7c366da26a4ad1462fe3e03a577b39e3b503bbcf482b9cdac093c",
                "sha256:5826f56055b9b1c80fef82e326097e34dc4af8c7249226b7dd63095a686177d1",
                "sha256:6382bc6e2d7e481bcd977eb131c31dee96e0fb4f9177d15ec6fb976d3b9ace1a",
                "sha256:6475d0209024a77f869163ec3657c47fed35d9b6ed8bccba8aa0f0099fbbdaa8",
                "sha256:6a6a44f27aabe720ec4fd485061e8a35784c2b9ffa6363ad546316dfc9cea04e",
                "sha256:7a58f3d8fe8fac3be522c79d921c9b86e090a59637cb88e3bc51298d7a2c862a",
                "sha256:7ad19f3fb6145b9eb41c08e7cbb9f8e10b91291396bee21e9ce761bb78df63ec",
                "sha256:85f191bb03cb1a7b04b5c2cca4792bef94df06ef473bc49e2818105671766fee",
                "sha256:956c8849b134b4a343598305a3ca1bdd3094f01f5efc8afccdebeffe6b315247",
                "sha256:a9d8cb5329df13e0cdaa14b3b43f47b5e593ec637f13f14db75bb16e46178b05",
                "sha256:b1d5a2cedf5de05567c441b3a8c2651fbde56df08b82640e7f06c8cd91e201f6",
                "sha256:b26535b9de85326e6958cdef720ecd10bcf74a3f4371bf9a7e5b2e659c17e153",
                "sha256:c541ee5a3287efe066bbe358320853cf4916bc14c00c38f8f3d8d75275a405a9",
                "sha256:d8d994cefdff9aaba45166eb3de4f5211adb4accac85cbf97137e98f26ea0219",
                "sha256:df815378a754a7edd4559f8c51fc7064f779a74013644a7f5ac7a0c31f875866"
            ],
            "version": "==3.4.2"
        },
        "numpy": {
            "hashes": [
                "sha256:2428b109306075d89d21135bdd6b785f132a1f5a3260c371cee1fae427e12727",
                "sha256:377751954da04d4a6950191b20539066b4e19e3b559d4695399c5e8e3e683bf6",
                "sha256:4703b9e937df83f5b6b7447ca5912b5f5f297aba45f91dbbbc63ff9278c7aa98",
                "sha256:471c0571d0895c68da309dacee4e95a0811d0a9f9f532a48dc1bea5f3b7ad2b7",
                "sha256:61d5b4cf73622e4d0c6b83408a16631b670fc045afd6540679aa35591a17fe6d",
                "sha256:6c915ee7dba1071554e70a3664a839fbc033e1d6528199d4621eeaaa5487ccd2",
                "sha256:6e51e417d9ae2e7848314994e6fc3832c9d426abce9328cf7571eefceb43e6c9",
                "sha256:719656636c48be22c23641859ff2419b27b6bdf844b36a2447cb39caceb00935",
                "sha256:780ae5284cb770ade51d4b4a7dce4faa554eb1d88a56d0e8b9f35fca9b0270ff",
                "sha256:878922bf5ad7550aa044aa9301d417e2d3ae50f0f577de92051d739ac6096cee",
                "sha256:924dc3f83de20437de95a73516f36e09918e9c9c18d5eac520062c49191025fb",
                "sha256:97ce8b8ace7d3b9288d88177e66ee75480fb79b9cf745e91ecfe65d91a856042",
                "sha256:9c0fab855ae790ca74b27e55240fe4f2a36a364a3f1ebcfd1fb5ac4088f1cec3",
                "sha256:9cab23439eb1ebfed1aaec9cd42b7dc50fc96d5cd3147da348d9161f0501ada5",
                "sha256:a8e6859913ec8eeef3dbe9aed3bf475347642d1cdd6217c30f28dee8903528e6",
                "sha256:aa046527c04688af680217fffac61eec2350ef3f3d7320c07fd33f5c6e7b4d5f",
                "sha256:abc81829c4039e7e4c30f7897938fa5d4916a09c2c7eb9b244b7a35ddc9656f4",
                "sha256:bad70051de2c50b1a6259a6df1daaafe8c480ca98132da98976d8591c412e737",
                "sha256:c73a7975d77f15f7f68dacfb2bca3d3f479f158313642e8ea9058eea06637931",
                "sha256:d15007f857d6995db15195217afdbddfcd203dfaa0ba6878a2f580eaf810ecd6",
                "sha256:d76061ae5cab49b83a8cf3feacefc2053fac672728802ac137dd8c4123397677",
                "sha256:e8e4fbbb7e7634f263c5b0150a629342cc19b47c5eba8d1cd4363ab3455ab576",
                "sha256:e9459f40244bb02b2f14f6af0cd0732791d72232bbb0dc4bab57ef88e75f6935",
                "sha256:edb1f041a9146dcf02cd7df7187db46ab524b9af2515f392f337c7cbbf5b52cd"
            ],
            "index": "pypi",
            "version": "==1.20.2"
        },
        "pillow": {
            "hashes": [
                "sha256:01425106e4e8cee195a411f729cff2a7d61813b0b11737c12bd5991f5f14bcd5",
                "sha256:031a6c88c77d08aab84fecc05c3cde8414cd6f8406f4d2b16fed1e97634cc8a4",
                "sha256:083781abd261bdabf090ad07bb69f8f5599943ddb539d64497ed021b2a67e5a9",
                "sha256:0d19d70ee7c2ba97631bae1e7d4725cdb2ecf238178096e8c82ee481e189168a",
                "sha256:0e04d61f0064b545b989126197930807c86bcbd4534d39168f4aa5fda39bb8f9",
                "sha256:12e5e7471f9b637762453da74e390e56cc43e486a88289995c1f4c1dc0bfe727",
                "sha256:22fd0f42ad15dfdde6c581347eaa4adb9a6fc4b865f90b23378aa7914895e120",
                "sha256:238c197fc275b475e87c1453b05b467d2d02c2915fdfdd4af126145ff2e4610c",
                "sha256:3b570f84a6161cf8865c4e08adf629441f56e32f180f7aa4ccbd2e0a5a02cba2",
                "sha256:463822e2f0d81459e113372a168f2ff59723e78528f91f0bd25680ac185cf797",
                "sha256:4d98abdd6b1e3bf1a1cbb14c3895226816e666749ac040c4e2554231068c639b",
                "sha256:5afe6b237a0b81bd54b53f835a153770802f164c5570bab5e005aad693dab87f",
                "sha256:5b70110acb39f3aff6b74cf09bb4169b167e2660dabc304c1e25b6555fa781ef",
                "sha256:5cbf3e3b1014dddc45496e8cf38b9f099c95a326275885199f427825c6522232",
                "sha256:624b977355cde8b065f6d51b98497d6cd5fbdd4f36405f7a8790e3376125e2bb",
                "sha256:63728564c1410d99e6d1ae8e3b810fe012bc440952168af0a2877e8ff5ab96b9",
                "sha256:66cc56579fd91f517290ab02c51e3a80f581aba45fd924fcdee01fa06e635812",
                "sha256:6c32cc3145928c4305d142ebec682419a6c0a8ce9e33db900027ddca1ec39178",
                "sha256:8bb1e155a74e1bfbacd84555ea62fa21c58e0b4e7e6b20e4447b8d07990ac78b",
                "sha256:95d5ef984eff897850f3a83883363da64aae1000e79cb3c321915468e8c6add5",
                "sha256:a013cbe25d20c2e0c4e85a9daf438f85121a4d0344ddc76e33fd7e3965d9af4b",
                "sha256:a787ab10d7bb5494e5f76536ac460741788f1fbce851068d73a87ca7c35fc3e1",
                "sha256:a7d5e9fad90eff8f6f6106d3b98b553a88b6f976e51fce287192a5d2d5363713",
                "sha256:aac00e4bc94d1b7813fe882c28990c1bc2f9d0e1aa765a5f2b516e8a6a16a9e4",
                "sha256:b91c36492a4bbb1ee855b7d16fe51379e5f96b85692dc8210831fbb24c43e484",
                "sha256:c03c07ed32c5324939b19e36ae5f75c660c81461e312a41aea30acdd46f93a7c",
                "sha256:c5236606e8570542ed424849f7852a0ff0bce2c4c8d0ba05cc202a5a9c97dee9",
                "sha256:c6b39294464b03457f9064e98c124e09008b35a62e3189d3513e5148611c9388",
                "sha256:cb7a09e173903541fa888ba010c345893cd9fc1b5891aaf060f6ca77b6a3722d",
                "sha256:d68cb92c408261f806b15923834203f024110a2e2872ecb0bd2a110f89d3c602",
                "sha256:dc38f57d8f20f06dd7c3161c59ca2c86893632623f33a42d592f097b00f720a9",
                "sha256:e98eca29a05913e82177b3ba3d198b1728e164869c613d76d0de4bde6768a50e",
                "sha256:f217c3954ce5fd88303fc0c317af55d5e0204106d86dea17eb8205700d47dec2"
            ],
            "version": "==8.2.0"
        },
        "psycopg2": {
            "hashes": [
                "sha256:00195b5f6832dbf2876b8bf77f12bdce648224c89c880719c745b90515233301",
                "sha256:068115e13c70dc5982dfc00c5d70437fe37c014c808acce119b5448361c03725",
                "sha256:26e7fd115a6db75267b325de0fba089b911a4a12ebd3d0b5e7acb7028bc46821",
                "sha256:2c93d4d16933fea5bbacbe1aaf8fa8c1348740b2e50b3735d1b0bf8154cbf0f3",
                "sha256:56007a226b8e95aa980ada7abdea6b40b75ce62a433bd27cec7a8178d57f4051",
                "sha256:56fee7f818d032f802b8eed81ef0c1232b8b42390df189cab9cfa87573fe52c5",
                "sha256:6a3d9efb6f36f1fe6aa8dbb5af55e067db802502c55a9defa47c5a1dad41df84",
                "sha256:a49833abfdede8985ba3f3ec641f771cca215479f41523e99dace96d5b8cce2a",
                "sha256:ad2fe8a37be669082e61fb001c185ffb58867fdbb3e7a6b0b0d2ffe232353a3e",
                "sha256:b8cae8b2f022efa1f011cc753adb9cbadfa5a184431d09b273fb49b4167561ad",
                "sha256:d160744652e81c80627a909a0e808f3c6653a40af435744de037e3172cf277f5",
                "sha256:d5062ae50b222da28253059880a871dc87e099c25cb68acf613d9d227413d6f7",
                "sha256:f22ea9b67aea4f4a1718300908a2fb62b3e4276cf00bd829a97ab5894af42ea3",
                "sha256:f974c96fca34ae9e4f49839ba6b78addf0346777b46c4da27a7bf54f48d3057d",
                "sha256:fb23f6c71107c37fd667cb4ea363ddeb936b348bbd6449278eb92c189699f543"
            ],
            "index": "pypi",
            "version": "==2.8.6"
        },
        "pygad": {
            "hashes": [
                "sha256:41314b64710a140eab429193d2766bee04b6088465e21b0e39fdcdcc3153442a",
                "sha256:ce00413a7495bc66f0889266c9c5612a52ebdaf1eccf82262de042c774dea28a"
            ],
            "index": "pypi",
            "version": "==2.13.0"
        },
        "pyparsing": {
            "hashes": [
                "sha256:1c6409312ce2ce2997896af5756753778d5f1603666dba5587804f09ad82ed27",
                "sha256:f4896b4cc085a1f8f8ae53a1a90db5a86b3825ff73eb974dffee3d9e701007f4"
            ],
            "version": "==3.0.0b2"
        },
        "python-dateutil": {
            "hashes": [
                "sha256:73ebfe9dbf22e832286dafa60473e4cd239f8592f699aa5adaf10050e6e1823c",
                "sha256:75bb3f31ea686f1197762692a9ee6a7550b59fc6ca3a1f4b5d7e32fb98e2da2a"
            ],
            "version": "==2.8.1"
        },
        "pytz": {
            "hashes": [
                "sha256:83a4a90894bf38e243cf052c8b58f381bfe9a7a483f6a9cab140bc7f702ac4da",
                "sha256:eb10ce3e7736052ed3623d49975ce333bcd712c7bb19a58b9e2089d4057d0798"
            ],
            "version": "==2021.1"
        },
        "six": {
            "hashes": [
                "sha256:1e61c37477a1626458e36f7b1d82aa5c9b094fa4802892072e49de9c60c4c926",
                "sha256:8abb2f1d86890a2dfb989f9a77cfcfd3e47c2a354b01111771326f8aa26e0254"
            ],
            "version": "==1.16.0"
        },
        "soupsieve": {
            "hashes": [
                "sha256:052774848f448cf19c7e959adf5566904d525f33a3f8b6ba6f6f8f26ec7de0cc",
                "sha256:c2c1c2d44f158cdbddab7824a9af8c4f83c76b1e23e049479aa432feb6c4c23b"
            ],
            "markers": "python_version >= '3.0'",
            "version": "==2.2.1"
        },
        "sqlparse": {
            "hashes": [
                "sha256:017cde379adbd6a1f15a61873f43e8274179378e95ef3fede90b5aa64d304ed0",
                "sha256:0f91fd2e829c44362cbcfab3e9ae12e22badaa8a29ad5ff599f9ec109f0454e8"
            ],
            "version": "==0.4.1"
        },
        "tornado": {
            "hashes": [
                "sha256:0a00ff4561e2929a2c37ce706cb8233b7907e0cdc22eab98888aca5dd3775feb",
                "sha256:0d321a39c36e5f2c4ff12b4ed58d41390460f798422c4504e09eb5678e09998c",
                "sha256:1e8225a1070cd8eec59a996c43229fe8f95689cb16e552d130b9793cb570a288",
                "sha256:20241b3cb4f425e971cb0a8e4ffc9b0a861530ae3c52f2b0434e6c1b57e9fd95",
                "sha256:25ad220258349a12ae87ede08a7b04aca51237721f63b1808d39bdb4b2164558",
                "sha256:33892118b165401f291070100d6d09359ca74addda679b60390b09f8ef325ffe",
                "sha256:33c6e81d7bd55b468d2e793517c909b139960b6c790a60b7991b9b6b76fb9791",
                "sha256:3447475585bae2e77ecb832fc0300c3695516a47d46cefa0528181a34c5b9d3d",
                "sha256:34ca2dac9e4d7afb0bed4677512e36a52f09caa6fded70b4e3e1c89dbd92c326",
                "sha256:3e63498f680547ed24d2c71e6497f24bca791aca2fe116dbc2bd0ac7f191691b",
                "sha256:548430be2740e327b3fe0201abe471f314741efcb0067ec4f2d7dcfb4825f3e4",
                "sha256:6196a5c39286cc37c024cd78834fb9345e464525d8991c21e908cc046d1cc02c",
                "sha256:61b32d06ae8a036a6607805e6720ef00a3c98207038444ba7fd3d169cd998910",
                "sha256:6286efab1ed6e74b7028327365cf7346b1d777d63ab30e21a0f4d5b275fc17d5",
                "sha256:65d98939f1a2e74b58839f8c4dab3b6b3c1ce84972ae712be02845e65391ac7c",
                "sha256:66324e4e1beede9ac79e60f88de548da58b1f8ab4b2f1354d8375774f997e6c0",
                "sha256:6c77c9937962577a6a76917845d06af6ab9197702a42e1346d8ae2e76b5e3675",
                "sha256:70dec29e8ac485dbf57481baee40781c63e381bebea080991893cd297742b8fd",
                "sha256:7250a3fa399f08ec9cb3f7b1b987955d17e044f1ade821b32e5f435130250d7f",
                "sha256:748290bf9112b581c525e6e6d3820621ff020ed95af6f17fedef416b27ed564c",
                "sha256:7da13da6f985aab7f6f28debab00c67ff9cbacd588e8477034c0652ac141feea",
                "sha256:8f959b26f2634a091bb42241c3ed8d3cedb506e7c27b8dd5c7b9f745318ddbb6",
                "sha256:9de9e5188a782be6b1ce866e8a51bc76a0fbaa0e16613823fc38e4fc2556ad05",
                "sha256:a48900ecea1cbb71b8c71c620dee15b62f85f7c14189bdeee54966fbd9a0c5bd",
                "sha256:b87936fd2c317b6ee08a5741ea06b9d11a6074ef4cc42e031bc6403f82a32575",
                "sha256:c77da1263aa361938476f04c4b6c8916001b90b2c2fdd92d8d535e1af48fba5a",
                "sha256:cb5ec8eead331e3bb4ce8066cf06d2dfef1bfb1b2a73082dfe8a161301b76e37",
                "sha256:cc0ee35043162abbf717b7df924597ade8e5395e7b66d18270116f8745ceb795",
                "sha256:d14d30e7f46a0476efb0deb5b61343b1526f73ebb5ed84f23dc794bdb88f9d9f",
                "sha256:d371e811d6b156d82aa5f9a4e08b58debf97c302a35714f6f45e35139c332e32",
                "sha256:d3d20ea5782ba63ed13bc2b8c291a053c8d807a8fa927d941bd718468f7b950c",
                "sha256:d3f7594930c423fd9f5d1a76bee85a2c36fd8b4b16921cae7e965f22575e9c01",
                "sha256:dcef026f608f678c118779cd6591c8af6e9b4155c44e0d1bc0c87c036fb8c8c4",
                "sha256:e0791ac58d91ac58f694d8d2957884df8e4e2f6687cdf367ef7eb7497f79eaa2",
                "sha256:e385b637ac3acaae8022e7e47dfa7b83d3620e432e3ecb9a3f7f58f150e50921",
                "sha256:e519d64089b0876c7b467274468709dadf11e41d65f63bba207e04217f47c085",
                "sha256:e7229e60ac41a1202444497ddde70a48d33909e484f96eb0da9baf8dc68541df",
                "sha256:ed3ad863b1b40cd1d4bd21e7498329ccaece75db5a5bf58cd3c9f130843e7102",
                "sha256:f0ba29bafd8e7e22920567ce0d232c26d4d47c8b5cf4ed7b562b5db39fa199c5",
                "sha256:fa2ba70284fa42c2a5ecb35e322e68823288a4251f9ba9cc77be04ae15eada68",
                "sha256:fba85b6cd9c39be262fcd23865652920832b61583de2a2ca907dbd8e8a8c81e5"
            ],
            "version": "==6.1"
        }
    },
    "develop": {
        "appdirs": {
            "hashes": [
                "sha256:7d5d0167b2b1ba821647616af46a749d1c653740dd0d2415100fe26e27afdf41",
                "sha256:a841dacd6b99318a741b166adb07e19ee71a274450e68237b4650ca1055ab128"
            ],
            "version": "==1.4.4"
        },
        "asgiref": {
            "hashes": [
                "sha256:92906c611ce6c967347bbfea733f13d6313901d54dcca88195eaeb52b2a8e8ee",
                "sha256:d1216dfbdfb63826470995d31caed36225dcaf34f182e0fa257a4dd9e86f1b78"
            ],
            "version": "==3.3.4"
        },
        "black": {
            "hashes": [
                "sha256:0e80435b8a88f383c9149ae89d671eb2095b72344b0fe8a1d61d2ff5110ed173",
                "sha256:9dc2042018ca10735366d944c2c12d9cad6dec74a3d5f679d09384ea185d9943"
            ],
            "index": "pypi",
            "version": "==21.5b0"
        },
        "click": {
            "hashes": [
                "sha256:7d8c289ee437bcb0316820ccee14aefcb056e58d31830ecab8e47eda6540e136",
                "sha256:e90e62ced43dc8105fb9a26d62f0d9340b5c8db053a814e25d95c19873ae87db"
            ],
            "version": "==8.0.0"
        },
        "data-science-types": {
            "hashes": [
                "sha256:8096b9a35a8a187bf9a122b4707c97de841d810744690ee2a4ac30c6462e0d16",
                "sha256:bca319abc0e53a0316f9fcb887937e942477cb9e5fc63c8581e0b0438903b977"
            ],
            "index": "pypi",
            "version": "==0.2.23"
        },
        "django": {
            "hashes": [
                "sha256:13ac78dbfd189532cad8f383a27e58e18b3d33f80009ceb476d7fcbfc5dcebd8",
                "sha256:7e0a1393d18c16b503663752a8b6790880c5084412618990ce8a81cc908b4962"
            ],
            "index": "pypi",
            "version": "==3.2.3"
        },
        "django-stubs": {
            "hashes": [
                "sha256:717967d7fee0a6af0746724a0be80d72831a982a40fa8f245a6a46f4cafd157b",
                "sha256:bde9e44e3c4574c2454e74a3e607cc3bc23b0441bb7d1312cd677d5e30984b74"
            ],
            "index": "pypi",
            "version": "==1.8.0"
        },
        "django-stubs-ext": {
            "hashes": [
                "sha256:bd4a1e36ef2ba0ef15801933c85c68e59b383302c873795c6ecfc25950c7ecdb",
                "sha256:c14f297835a42c1122421ec7e2d06579996b29d33b8016002762afa5d78863af"
            ],
            "version": "==0.2.0"
        },
        "mypy": {
            "hashes": [
                "sha256:0d0a87c0e7e3a9becdfbe936c981d32e5ee0ccda3e0f07e1ef2c3d1a817cf73e",
                "sha256:25adde9b862f8f9aac9d2d11971f226bd4c8fbaa89fb76bdadb267ef22d10064",
                "sha256:28fb5479c494b1bab244620685e2eb3c3f988d71fd5d64cc753195e8ed53df7c",
                "sha256:2f9b3407c58347a452fc0736861593e105139b905cca7d097e413453a1d650b4",
                "sha256:33f159443db0829d16f0a8d83d94df3109bb6dd801975fe86bacb9bf71628e97",
                "sha256:3f2aca7f68580dc2508289c729bd49ee929a436208d2b2b6aab15745a70a57df",
                "sha256:499c798053cdebcaa916eef8cd733e5584b5909f789de856b482cd7d069bdad8",
                "sha256:4eec37370483331d13514c3f55f446fc5248d6373e7029a29ecb7b7494851e7a",
                "sha256:552a815579aa1e995f39fd05dde6cd378e191b063f031f2acfe73ce9fb7f9e56",
                "sha256:5873888fff1c7cf5b71efbe80e0e73153fe9212fafdf8e44adfe4c20ec9f82d7",
                "sha256:61a3d5b97955422964be6b3baf05ff2ce7f26f52c85dd88db11d5e03e146a3a6",
                "sha256:674e822aa665b9fd75130c6c5f5ed9564a38c6cea6a6432ce47eafb68ee578c5",
                "sha256:7ce3175801d0ae5fdfa79b4f0cfed08807af4d075b402b7e294e6aa72af9aa2a",
                "sha256:9743c91088d396c1a5a3c9978354b61b0382b4e3c440ce83cf77994a43e8c521",
                "sha256:9f94aac67a2045ec719ffe6111df543bac7874cee01f41928f6969756e030564",
                "sha256:a26f8ec704e5a7423c8824d425086705e381b4f1dfdef6e3a1edab7ba174ec49",
                "sha256:abf7e0c3cf117c44d9285cc6128856106183938c68fd4944763003decdcfeb66",
                "sha256:b09669bcda124e83708f34a94606e01b614fa71931d356c1f1a5297ba11f110a",
                "sha256:cd07039aa5df222037005b08fbbfd69b3ab0b0bd7a07d7906de75ae52c4e3119",
                "sha256:d23e0ea196702d918b60c8288561e722bf437d82cb7ef2edcd98cfa38905d506",
                "sha256:d65cc1df038ef55a99e617431f0553cd77763869eebdf9042403e16089fe746c",
                "sha256:d7da2e1d5f558c37d6e8c1246f1aec1e7349e4913d8fb3cb289a35de573fe2eb"
            ],
            "index": "pypi",
            "version": "==0.812"
        },
        "mypy-extensions": {
            "hashes": [
                "sha256:090fedd75945a69ae91ce1303b5824f428daf5a028d2f6ab8a299250a846f15d",
                "sha256:2d82818f5bb3e369420cb3c4060a7970edba416647068eb4c5343488a6c604a8"
            ],
            "version": "==0.4.3"
        },
        "pathspec": {
            "hashes": [
                "sha256:86379d6b86d75816baba717e64b1a3a3469deb93bb76d613c9ce79edc5cb68fd",
                "sha256:aa0cb481c4041bf52ffa7b0d8fa6cd3e88a2ca4879c533c9153882ee2556790d"
            ],
            "version": "==0.8.1"
        },
        "pytz": {
            "hashes": [
                "sha256:83a4a90894bf38e243cf052c8b58f381bfe9a7a483f6a9cab140bc7f702ac4da",
                "sha256:eb10ce3e7736052ed3623d49975ce333bcd712c7bb19a58b9e2089d4057d0798"
            ],
            "version": "==2021.1"
        },
        "regex": {
            "hashes": [
                "sha256:01afaf2ec48e196ba91b37451aa353cb7eda77efe518e481707e0515025f0cd5",
                "sha256:11d773d75fa650cd36f68d7ca936e3c7afaae41b863b8c387a22aaa78d3c5c79",
                "sha256:18c071c3eb09c30a264879f0d310d37fe5d3a3111662438889ae2eb6fc570c31",
                "sha256:1e1c20e29358165242928c2de1482fb2cf4ea54a6a6dea2bd7a0e0d8ee321500",
                "sha256:281d2fd05555079448537fe108d79eb031b403dac622621c78944c235f3fcf11",
                "sha256:314d66636c494ed9c148a42731b3834496cc9a2c4251b1661e40936814542b14",
                "sha256:32e65442138b7b76dd8173ffa2cf67356b7bc1768851dded39a7a13bf9223da3",
                "sha256:339456e7d8c06dd36a22e451d58ef72cef293112b559010db3d054d5560ef439",
                "sha256:3916d08be28a1149fb97f7728fca1f7c15d309a9f9682d89d79db75d5e52091c",
                "sha256:3a9cd17e6e5c7eb328517969e0cb0c3d31fd329298dd0c04af99ebf42e904f82",
                "sha256:47bf5bf60cf04d72bf6055ae5927a0bd9016096bf3d742fa50d9bf9f45aa0711",
                "sha256:4c46e22a0933dd783467cf32b3516299fb98cfebd895817d685130cc50cd1093",
                "sha256:4c557a7b470908b1712fe27fb1ef20772b78079808c87d20a90d051660b1d69a",
                "sha256:52ba3d3f9b942c49d7e4bc105bb28551c44065f139a65062ab7912bef10c9afb",
                "sha256:563085e55b0d4fb8f746f6a335893bda5c2cef43b2f0258fe1020ab1dd874df8",
                "sha256:598585c9f0af8374c28edd609eb291b5726d7cbce16be6a8b95aa074d252ee17",
                "sha256:619d71c59a78b84d7f18891fe914446d07edd48dc8328c8e149cbe0929b4e000",
                "sha256:67bdb9702427ceddc6ef3dc382455e90f785af4c13d495f9626861763ee13f9d",
                "sha256:6d1b01031dedf2503631d0903cb563743f397ccaf6607a5e3b19a3d76fc10480",
                "sha256:741a9647fcf2e45f3a1cf0e24f5e17febf3efe8d4ba1281dcc3aa0459ef424dc",
                "sha256:7c2a1af393fcc09e898beba5dd59196edaa3116191cc7257f9224beaed3e1aa0",
                "sha256:7d9884d86dd4dd489e981d94a65cd30d6f07203d90e98f6f657f05170f6324c9",
                "sha256:90f11ff637fe8798933fb29f5ae1148c978cccb0452005bf4c69e13db951e765",
                "sha256:919859aa909429fb5aa9cf8807f6045592c85ef56fdd30a9a3747e513db2536e",
                "sha256:96fcd1888ab4d03adfc9303a7b3c0bd78c5412b2bfbe76db5b56d9eae004907a",
                "sha256:97f29f57d5b84e73fbaf99ab3e26134e6687348e95ef6b48cfd2c06807005a07",
                "sha256:980d7be47c84979d9136328d882f67ec5e50008681d94ecc8afa8a65ed1f4a6f",
                "sha256:a91aa8619b23b79bcbeb37abe286f2f408d2f2d6f29a17237afda55bb54e7aac",
                "sha256:ade17eb5d643b7fead300a1641e9f45401c98eee23763e9ed66a43f92f20b4a7",
                "sha256:b9c3db21af35e3b3c05764461b262d6f05bbca08a71a7849fd79d47ba7bc33ed",
                "sha256:bd28bc2e3a772acbb07787c6308e00d9626ff89e3bfcdebe87fa5afbfdedf968",
                "sha256:bf5824bfac591ddb2c1f0a5f4ab72da28994548c708d2191e3b87dd207eb3ad7",
                "sha256:c0502c0fadef0d23b128605d69b58edb2c681c25d44574fc673b0e52dce71ee2",
                "sha256:c38c71df845e2aabb7fb0b920d11a1b5ac8526005e533a8920aea97efb8ec6a4",
                "sha256:ce15b6d103daff8e9fee13cf7f0add05245a05d866e73926c358e871221eae87",
                "sha256:d3029c340cfbb3ac0a71798100ccc13b97dddf373a4ae56b6a72cf70dfd53bc8",
                "sha256:e512d8ef5ad7b898cdb2d8ee1cb09a8339e4f8be706d27eaa180c2f177248a10",
                "sha256:e8e5b509d5c2ff12f8418006d5a90e9436766133b564db0abaec92fd27fcee29",
                "sha256:ee54ff27bf0afaf4c3b3a62bcd016c12c3fdb4ec4f413391a90bd38bc3624605",
                "sha256:fa4537fb4a98fe8fde99626e4681cc644bdcf2a795038533f9f711513a862ae6",
                "sha256:fd45ff9293d9274c5008a2054ecef86a9bfe819a67c7be1afb65e69b405b3042"
            ],
            "version": "==2021.4.4"
        },
        "sqlparse": {
            "hashes": [
                "sha256:017cde379adbd6a1f15a61873f43e8274179378e95ef3fede90b5aa64d304ed0",
                "sha256:0f91fd2e829c44362cbcfab3e9ae12e22badaa8a29ad5ff599f9ec109f0454e8"
            ],
            "version": "==0.4.1"
        },
        "toml": {
            "hashes": [
                "sha256:806143ae5bfb6a3c6e736a764057db0e6a0e05e338b5630894a5f779cabb4f9b",
                "sha256:b3bda1d108d5dd99f4a20d24d9c348e91c4db7ab1b749200bded2f839ccbe68f"
            ],
            "version": "==0.10.2"
        },
        "typed-ast": {
            "hashes": [
                "sha256:01ae5f73431d21eead5015997ab41afa53aa1fbe252f9da060be5dad2c730ace",
                "sha256:067a74454df670dcaa4e59349a2e5c81e567d8d65458d480a5b3dfecec08c5ff",
                "sha256:0fb71b8c643187d7492c1f8352f2c15b4c4af3f6338f21681d3681b3dc31a266",
                "sha256:1b3ead4a96c9101bef08f9f7d1217c096f31667617b58de957f690c92378b528",
                "sha256:2068531575a125b87a41802130fa7e29f26c09a2833fea68d9a40cf33902eba6",
                "sha256:209596a4ec71d990d71d5e0d312ac935d86930e6eecff6ccc7007fe54d703808",
                "sha256:2c726c276d09fc5c414693a2de063f521052d9ea7c240ce553316f70656c84d4",
                "sha256:398e44cd480f4d2b7ee8d98385ca104e35c81525dd98c519acff1b79bdaac363",
                "sha256:52b1eb8c83f178ab787f3a4283f68258525f8d70f778a2f6dd54d3b5e5fb4341",
                "sha256:5feca99c17af94057417d744607b82dd0a664fd5e4ca98061480fd8b14b18d04",
                "sha256:7538e495704e2ccda9b234b82423a4038f324f3a10c43bc088a1636180f11a41",
                "sha256:760ad187b1041a154f0e4d0f6aae3e40fdb51d6de16e5c99aedadd9246450e9e",
                "sha256:777a26c84bea6cd934422ac2e3b78863a37017618b6e5c08f92ef69853e765d3",
                "sha256:95431a26309a21874005845c21118c83991c63ea800dd44843e42a916aec5899",
                "sha256:9ad2c92ec681e02baf81fdfa056fe0d818645efa9af1f1cd5fd6f1bd2bdfd805",
                "sha256:9c6d1a54552b5330bc657b7ef0eae25d00ba7ffe85d9ea8ae6540d2197a3788c",
                "sha256:aee0c1256be6c07bd3e1263ff920c325b59849dc95392a05f258bb9b259cf39c",
                "sha256:af3d4a73793725138d6b334d9d247ce7e5f084d96284ed23f22ee626a7b88e39",
                "sha256:b36b4f3920103a25e1d5d024d155c504080959582b928e91cb608a65c3a49e1a",
                "sha256:b9574c6f03f685070d859e75c7f9eeca02d6933273b5e69572e5ff9d5e3931c3",
                "sha256:bff6ad71c81b3bba8fa35f0f1921fb24ff4476235a6e94a26ada2e54370e6da7",
                "sha256:c190f0899e9f9f8b6b7863debfb739abcb21a5c054f911ca3596d12b8a4c4c7f",
                "sha256:c907f561b1e83e93fad565bac5ba9c22d96a54e7ea0267c708bffe863cbe4075",
                "sha256:cae53c389825d3b46fb37538441f75d6aecc4174f615d048321b716df2757fb0",
                "sha256:dd4a21253f42b8d2b48410cb31fe501d32f8b9fbeb1f55063ad102fe9c425e40",
                "sha256:dde816ca9dac1d9c01dd504ea5967821606f02e510438120091b84e852367428",
                "sha256:f2362f3cb0f3172c42938946dbc5b7843c2a28aec307c49100c8b38764eb6927",
                "sha256:f328adcfebed9f11301eaedfa48e15bdece9b519fb27e6a8c01aa52a17ec31b3",
                "sha256:f8afcf15cc511ada719a88e013cec87c11aff7b91f019295eb4530f96fe5ef2f",
                "sha256:fb1bbeac803adea29cedd70781399c99138358c26d05fcbd23c13016b7f5ec65"
            ],
            "version": "==1.4.3"
        },
        "typing-extensions": {
            "hashes": [
                "sha256:0ac0f89795dd19de6b97debb0c6af1c70987fd80a2d62d1958f7e56fcc31b497",
                "sha256:50b6f157849174217d0656f99dc82fe932884fb250826c18350e159ec6cdf342",
                "sha256:779383f6086d90c99ae41cf0ff39aac8a7937a9283ce0a414e5dd782f4c94a84"
            ],
            "version": "==3.10.0.0"
        }
    }
}
